{
  "originHash" : "25248ecc147c9a2a1127540ec98fcbcad644acf012099197ce8a2a755dca46f9",
  "pins" : [
    {
      "identity" : "clevertap-ios-sdk",
      "kind" : "remoteSourceControl",
      "location" : "https://github.com/CleverTap/clevertap-ios-sdk.git",
      "state" : {
        "revision" : "ef323696c2789e71b58c2a281117fb5013d4a4f5",
        "version" : "7.5.1"
      }
    }
  ],
  "version" : 3
}
